
Microsoft Visual Studio Solution File, Format Version 12.00
# Visual Studio 15
VisualStudioVersion = 15.0.26730.15
MinimumVisualStudioVersion = 10.0.40219.1
Project("{9A19103F-16F7-4668-BE54-9A1E7A4F7556}") = "ShoppingCart", "ShoppingCart\ShoppingCart.csproj", "{65CB268E-D624-45B2-989B-53DEC9DF83B4}"
EndProject
Project("{FAE04EC0-301F-11D3-BF4B-00C04F79EFBC}") = "ShoppingCart.Tests", "ShoppingCart.Tests\ShoppingCart.Tests.csproj", "{224FAAED-A587-4A8F-A454-0FEED02E6234}"
EndProject
Global
	GlobalSection(SolutionConfigurationPlatforms) = preSolution
		Debug|Any CPU = Debug|Any CPU
		Release|Any CPU = Release|Any CPU
	EndGlobalSection
	GlobalSection(ProjectConfigurationPlatforms) = postSolution
		{65CB268E-D624-45B2-989B-53DEC9DF83B4}.Debug|Any CPU.ActiveCfg = Debug|Any CPU
		{65CB268E-D624-45B2-989B-53DEC9DF83B4}.Debug|Any CPU.Build.0 = Debug|Any CPU
		{65CB268E-D624-45B2-989B-53DEC9DF83B4}.Release|Any CPU.ActiveCfg = Release|Any CPU
		{65CB268E-D624-45B2-989B-53DEC9DF83B4}.Release|Any CPU.Build.0 = Release|Any CPU
		{224FAAED-A587-4A8F-A454-0FEED02E6234}.Debug|Any CPU.ActiveCfg = Debug|Any CPU
		{224FAAED-A587-4A8F-A454-0FEED02E6234}.Debug|Any CPU.Build.0 = Debug|Any CPU
		{224FAAED-A587-4A8F-A454-0FEED02E6234}.Release|Any CPU.ActiveCfg = Release|Any CPU
		{224FAAED-A587-4A8F-A454-0FEED02E6234}.Release|Any CPU.Build.0 = Release|Any CPU
	EndGlobalSection
	GlobalSection(SolutionProperties) = preSolution
		HideSolutionNode = FALSE
	EndGlobalSection
	GlobalSection(ExtensibilityGlobals) = postSolution
		SolutionGuid = {066E264A-D688-48E1-AA83-9BED59BF35DB}
	EndGlobalSection
EndGlobal
